
Microsoft Visual Studio Solution File, Format Version 12.00
# Visual Studio Version 16
VisualStudioVersion = 16.0.29409.12
MinimumVisualStudioVersion = 10.0.40219.1
Project("{9A19103F-16F7-4668-BE54-9A1E7A4F7556}") = "NeuralNetwork.Infrastructure", "NeuralNetwork.Infrastructure.csproj", "{B8252E4E-1BAF-4502-B383-FA889AF8A8FA}"
EndProject
Project("{9A19103F-16F7-4668-BE54-9A1E7A4F7556}") = "TestWinForm", "..\TestWinForm\TestWinForm.csproj", "{F4CB3941-A432-4ADB-BDF8-E5DA2820344F}"
EndProject
Global
	GlobalSection(SolutionConfigurationPlatforms) = preSolution
		Debug|Any CPU = Debug|Any CPU
		Release|Any CPU = Release|Any CPU
	EndGlobalSection
	GlobalSection(ProjectConfigurationPlatforms) = postSolution
		{B8252E4E-1BAF-4502-B383-FA889AF8A8FA}.Debug|Any CPU.ActiveCfg = Debug|Any CPU
		{B8252E4E-1BAF-4502-B383-FA889AF8A8FA}.Debug|Any CPU.Build.0 = Debug|Any CPU
		{B8252E4E-1BAF-4502-B383-FA889AF8A8FA}.Release|Any CPU.ActiveCfg = Release|Any CPU
		{B8252E4E-1BAF-4502-B383-FA889AF8A8FA}.Release|Any CPU.Build.0 = Release|Any CPU
		{F4CB3941-A432-4ADB-BDF8-E5DA2820344F}.Debug|Any CPU.ActiveCfg = Debug|Any CPU
		{F4CB3941-A432-4ADB-BDF8-E5DA2820344F}.Debug|Any CPU.Build.0 = Debug|Any CPU
		{F4CB3941-A432-4ADB-BDF8-E5DA2820344F}.Release|Any CPU.ActiveCfg = Release|Any CPU
		{F4CB3941-A432-4ADB-BDF8-E5DA2820344F}.Release|Any CPU.Build.0 = Release|Any CPU
	EndGlobalSection
	GlobalSection(SolutionProperties) = preSolution
		HideSolutionNode = FALSE
	EndGlobalSection
	GlobalSection(ExtensibilityGlobals) = postSolution
		SolutionGuid = {F3D23A55-1A04-432C-ADE0-14CAD3FD0AA9}
	EndGlobalSection
EndGlobal
